// !$*UTF8*$!
{
	archiveVersion = 1;
	classes = {
	};
	objectVersion = 46;
	objects = {

/* Begin PBXBuildFile section */
		39F1B1F216EE98EF00D05B96 /* MocktailResponse.h in Headers */ = {isa = PBXBuildFile; fileRef = 39F1B1EE16EE98EF00D05B96 /* MocktailResponse.h */; settings = {ATTRIBUTES = (); }; };
		39F1B1F316EE98EF00D05B96 /* MocktailResponse.m in Sources */ = {isa = PBXBuildFile; fileRef = 39F1B1EF16EE98EF00D05B96 /* MocktailResponse.m */; };
		39F1B1F416EE98EF00D05B96 /* MocktailURLProtocol.h in Headers */ = {isa = PBXBuildFile; fileRef = 39F1B1F016EE98EF00D05B96 /* MocktailURLProtocol.h */; settings = {ATTRIBUTES = (); }; };
		39F1B1F516EE98EF00D05B96 /* MocktailURLProtocol.m in Sources */ = {isa = PBXBuildFile; fileRef = 39F1B1F116EE98EF00D05B96 /* MocktailURLProtocol.m */; };
		A822634216C45BC4007C81BC /* Foundation.framework in Frameworks */ = {isa = PBXBuildFile; fileRef = A822634116C45BC4007C81BC /* Foundation.framework */; };
		A822634916C45BC4007C81BC /* Mocktail.m in Sources */ = {isa = PBXBuildFile; fileRef = A822634816C45BC4007C81BC /* Mocktail.m */; };
		A822635016C45D9E007C81BC /* Mocktail.h in Headers */ = {isa = PBXBuildFile; fileRef = A822634616C45BC4007C81BC /* Mocktail.h */; settings = {ATTRIBUTES = (Public, ); }; };
		A87D2F2316F3B6B700B594D6 /* Mocktail_Private.h in Headers */ = {isa = PBXBuildFile; fileRef = A87D2F2216F3B6B700B594D6 /* Mocktail_Private.h */; settings = {ATTRIBUTES = (); }; };
/* End PBXBuildFile section */

/* Begin PBXFileReference section */
		39F1B1EE16EE98EF00D05B96 /* MocktailResponse.h */ = {isa = PBXFileReference; fileEncoding = 4; lastKnownFileType = sourcecode.c.h; path = MocktailResponse.h; sourceTree = "<group>"; };
		39F1B1EF16EE98EF00D05B96 /* MocktailResponse.m */ = {isa = PBXFileReference; fileEncoding = 4; lastKnownFileType = sourcecode.c.objc; path = MocktailResponse.m; sourceTree = "<group>"; };
		39F1B1F016EE98EF00D05B96 /* MocktailURLProtocol.h */ = {isa = PBXFileReference; fileEncoding = 4; lastKnownFileType = sourcecode.c.h; path = MocktailURLProtocol.h; sourceTree = "<group>"; };
		39F1B1F116EE98EF00D05B96 /* MocktailURLProtocol.m */ = {isa = PBXFileReference; fileEncoding = 4; lastKnownFileType = sourcecode.c.objc; path = MocktailURLProtocol.m; sourceTree = "<group>"; };
		A822633E16C45BC4007C81BC /* libMocktail.a */ = {isa = PBXFileReference; explicitFileType = archive.ar; includeInIndex = 0; path = libMocktail.a; sourceTree = BUILT_PRODUCTS_DIR; };
		A822634116C45BC4007C81BC /* Foundation.framework */ = {isa = PBXFileReference; lastKnownFileType = wrapper.framework; name = Foundation.framework; path = System/Library/Frameworks/Foundation.framework; sourceTree = SDKROOT; };
		A822634516C45BC4007C81BC /* Mocktail-Prefix.pch */ = {isa = PBXFileReference; lastKnownFileType = sourcecode.c.h; path = "Mocktail-Prefix.pch"; sourceTree = "<group>"; };
		A822634616C45BC4007C81BC /* Mocktail.h */ = {isa = PBXFileReference; lastKnownFileType = sourcecode.c.h; path = Mocktail.h; sourceTree = "<group>"; };
		A822634816C45BC4007C81BC /* Mocktail.m */ = {isa = PBXFileReference; lastKnownFileType = sourcecode.c.objc; path = Mocktail.m; sourceTree = "<group>"; };
		A87D2F2216F3B6B700B594D6 /* Mocktail_Private.h */ = {isa = PBXFileReference; fileEncoding = 4; lastKnownFileType = sourcecode.c.h; path = Mocktail_Private.h; sourceTree = "<group>"; };
/* End PBXFileReference section */

/* Begin PBXFrameworksBuildPhase section */
		A822633B16C45BC4007C81BC /* Frameworks */ = {
			isa = PBXFrameworksBuildPhase;
			buildActionMask = 2147483647;
			files = (
				A822634216C45BC4007C81BC /* Foundation.framework in Frameworks */,
			);
			runOnlyForDeploymentPostprocessing = 0;
		};
/* End PBXFrameworksBuildPhase section */

/* Begin PBXGroup section */
		A822633516C45BC4007C81BC = {
			isa = PBXGroup;
			children = (
				A822634316C45BC4007C81BC /* Mocktail */,
				A822634016C45BC4007C81BC /* Frameworks */,
				A822633F16C45BC4007C81BC /* Products */,
			);
			sourceTree = "<group>";
		};
		A822633F16C45BC4007C81BC /* Products */ = {
			isa = PBXGroup;
			children = (
				A822633E16C45BC4007C81BC /* libMocktail.a */,
			);
			name = Products;
			sourceTree = "<group>";
		};
		A822634016C45BC4007C81BC /* Frameworks */ = {
			isa = PBXGroup;
			children = (
				A822634116C45BC4007C81BC /* Foundation.framework */,
			);
			name = Frameworks;
			sourceTree = "<group>";
		};
		A822634316C45BC4007C81BC /* Mocktail */ = {
			isa = PBXGroup;
			children = (
				A822634616C45BC4007C81BC /* Mocktail.h */,
				A87D2F2216F3B6B700B594D6 /* Mocktail_Private.h */,
				A822634816C45BC4007C81BC /* Mocktail.m */,
				39F1B1EE16EE98EF00D05B96 /* MocktailResponse.h */,
				39F1B1EF16EE98EF00D05B96 /* MocktailResponse.m */,
				39F1B1F016EE98EF00D05B96 /* MocktailURLProtocol.h */,
				39F1B1F116EE98EF00D05B96 /* MocktailURLProtocol.m */,
				A822634416C45BC4007C81BC /* Supporting Files */,
			);
			path = Mocktail;
			sourceTree = "<group>";
		};
		A822634416C45BC4007C81BC /* Supporting Files */ = {
			isa = PBXGroup;
			children = (
				A822634516C45BC4007C81BC /* Mocktail-Prefix.pch */,
			);
			name = "Supporting Files";
			sourceTree = "<group>";
		};
/* End PBXGroup section */

/* Begin PBXHeadersBuildPhase section */
		A822634F16C45D98007C81BC /* Headers */ = {
			isa = PBXHeadersBuildPhase;
			buildActionMask = 2147483647;
			files = (
				A822635016C45D9E007C81BC /* Mocktail.h in Headers */,
				39F1B1F216EE98EF00D05B96 /* MocktailResponse.h in Headers */,
				39F1B1F416EE98EF00D05B96 /* MocktailURLProtocol.h in Headers */,
				A87D2F2316F3B6B700B594D6 /* Mocktail_Private.h in Headers */,
			);
			runOnlyForDeploymentPostprocessing = 0;
		};
/* End PBXHeadersBuildPhase section */

/* Begin PBXLegacyTarget section */
		A87D2F2416F3C51000B594D6 /* Mocktail Documentation */ = {
			isa = PBXLegacyTarget;
			buildArgumentsString = "--exit-threshold 2 --logformat xcode --output /tmp/tsq-docs --project-name Mocktail --project-version 1.0 --project-company \"Square, Inc.\" --company-id com.squareup --no-repeat-first-par --no-search-undocumented-doc Mocktail/";
			buildConfigurationList = A87D2F2516F3C51000B594D6 /* Build configuration list for PBXLegacyTarget "Mocktail Documentation" */;
			buildPhases = (
			);
			buildToolPath = /usr/local/bin/appledoc;
			buildWorkingDirectory = "";
			dependencies = (
			);
			name = "Mocktail Documentation";
			passBuildSettingsInEnvironment = 0;
			productName = "Mocktail Documentation";
		};
/* End PBXLegacyTarget section */

/* Begin PBXNativeTarget section */
		A822633D16C45BC4007C81BC /* Mocktail */ = {
			isa = PBXNativeTarget;
			buildConfigurationList = A822634C16C45BC4007C81BC /* Build configuration list for PBXNativeTarget "Mocktail" */;
			buildPhases = (
				A822634F16C45D98007C81BC /* Headers */,
				A822633A16C45BC4007C81BC /* Sources */,
				A822633B16C45BC4007C81BC /* Frameworks */,
			);
			buildRules = (
			);
			dependencies = (
			);
			name = Mocktail;
			productName = Mocktail;
			productReference = A822633E16C45BC4007C81BC /* libMocktail.a */;
			productType = "com.apple.product-type.library.static";
		};
/* End PBXNativeTarget section */

/* Begin PBXProject section */
		A822633616C45BC4007C81BC /* Project object */ = {
			isa = PBXProject;
			attributes = {
				LastUpgradeCheck = 0610;
				ORGANIZATIONNAME = "Square, Inc";
			};
			buildConfigurationList = A822633916C45BC4007C81BC /* Build configuration list for PBXProject "Mocktail" */;
			compatibilityVersion = "Xcode 3.2";
			developmentRegion = English;
			hasScannedForEncodings = 0;
			knownRegions = (
				en,
			);
			mainGroup = A822633516C45BC4007C81BC;
			productRefGroup = A822633F16C45BC4007C81BC /* Products */;
			projectDirPath = "";
			projectRoot = "";
			targets = (
				A822633D16C45BC4007C81BC /* Mocktail */,
				A87D2F2416F3C51000B594D6 /* Mocktail Documentation */,
			);
		};
/* End PBXProject section */

/* Begin PBXSourcesBuildPhase section */
		A822633A16C45BC4007C81BC /* Sources */ = {
			isa = PBXSourcesBuildPhase;
			buildActionMask = 2147483647;
			files = (
				A822634916C45BC4007C81BC /* Mocktail.m in Sources */,
				39F1B1F316EE98EF00D05B96 /* MocktailResponse.m in Sources */,
				39F1B1F516EE98EF00D05B96 /* MocktailURLProtocol.m in Sources */,
			);
			runOnlyForDeploymentPostprocessing = 0;
		};
/* End PBXSourcesBuildPhase section */

/* Begin XCBuildConfiguration section */
		A822634A16C45BC4007C81BC /* Debug */ = {
			isa = XCBuildConfiguration;
			buildSettings = {
				ALWAYS_SEARCH_USER_PATHS = NO;
				CLANG_CXX_LANGUAGE_STANDARD = "gnu++0x";
				CLANG_CXX_LIBRARY = "libc++";
				CLANG_ENABLE_OBJC_ARC = YES;
				CLANG_WARN_CONSTANT_CONVERSION = YES;
				CLANG_WARN_EMPTY_BODY = YES;
				CLANG_WARN_ENUM_CONVERSION = YES;
				CLANG_WARN_INT_CONVERSION = YES;
				CLANG_WARN__DUPLICATE_METHOD_MATCH = YES;
				COPY_PHASE_STRIP = NO;
				GCC_C_LANGUAGE_STANDARD = gnu99;
				GCC_DYNAMIC_NO_PIC = NO;
				GCC_OPTIMIZATION_LEVEL = 0;
				GCC_PREPROCESSOR_DEFINITIONS = (
					"DEBUG=1",
					"$(inherited)",
				);
				GCC_SYMBOLS_PRIVATE_EXTERN = NO;
				GCC_WARN_ABOUT_RETURN_TYPE = YES;
				GCC_WARN_UNINITIALIZED_AUTOS = YES;
				GCC_WARN_UNUSED_VARIABLE = YES;
				IPHONEOS_DEPLOYMENT_TARGET = 5.0;
				PUBLIC_HEADERS_FOLDER_PATH = "include/$(PRODUCT_NAME)";
				SDKROOT = iphoneos;
			};
			name = Debug;
		};
		A822634B16C45BC4007C81BC /* Release */ = {
			isa = XCBuildConfiguration;
			buildSettings = {
				ALWAYS_SEARCH_USER_PATHS = NO;
				CLANG_CXX_LANGUAGE_STANDARD = "gnu++0x";
				CLANG_CXX_LIBRARY = "libc++";
				CLANG_ENABLE_OBJC_ARC = YES;
				CLANG_WARN_CONSTANT_CONVERSION = YES;
				CLANG_WARN_EMPTY_BODY = YES;
				CLANG_WARN_ENUM_CONVERSION = YES;
				CLANG_WARN_INT_CONVERSION = YES;
				CLANG_WARN__DUPLICATE_METHOD_MATCH = YES;
				COPY_PHASE_STRIP = YES;
				GCC_C_LANGUAGE_STANDARD = gnu99;
				GCC_WARN_ABOUT_RETURN_TYPE = YES;
				GCC_WARN_UNINITIALIZED_AUTOS = YES;
				GCC_WARN_UNUSED_VARIABLE = YES;
				IPHONEOS_DEPLOYMENT_TARGET = 5.0;
				PUBLIC_HEADERS_FOLDER_PATH = "include/$(PRODUCT_NAME)";
				SDKROOT = iphoneos;
				VALIDATE_PRODUCT = YES;
			};
			name = Release;
		};
		A822634D16C45BC4007C81BC /* Debug */ = {
			isa = XCBuildConfiguration;
			buildSettings = {
				DSTROOT = /tmp/Mocktail.dst;
				GCC_PRECOMPILE_PREFIX_HEADER = YES;
				GCC_PREFIX_HEADER = "Mocktail/Mocktail-Prefix.pch";
				OTHER_LDFLAGS = "-ObjC";
				PRODUCT_NAME = "$(TARGET_NAME)";
				SKIP_INSTALL = YES;
			};
			name = Debug;
		};
		A822634E16C45BC4007C81BC /* Release */ = {
			isa = XCBuildConfiguration;
			buildSettings = {
				DSTROOT = /tmp/Mocktail.dst;
				GCC_PRECOMPILE_PREFIX_HEADER = YES;
				GCC_PREFIX_HEADER = "Mocktail/Mocktail-Prefix.pch";
				OTHER_LDFLAGS = "-ObjC";
				PRODUCT_NAME = "$(TARGET_NAME)";
				SKIP_INSTALL = YES;
			};
			name = Release;
		};
		A87D2F2616F3C51000B594D6 /* Debug */ = {
			isa = XCBuildConfiguration;
			buildSettings = {
				DEBUGGING_SYMBOLS = YES;
				GCC_ENABLE_OBJC_EXCEPTIONS = YES;
				GCC_GENERATE_DEBUGGING_SYMBOLS = YES;
				GCC_OPTIMIZATION_LEVEL = 0;
				GCC_WARN_64_TO_32_BIT_CONVERSION = YES;
				MACOSX_DEPLOYMENT_TARGET = 10.8;
				OTHER_CFLAGS = "";
				OTHER_LDFLAGS = "";
				PRODUCT_NAME = "$(TARGET_NAME)";
				SDKROOT = macosx;
			};
			name = Debug;
		};
		A87D2F2716F3C51000B594D6 /* Release */ = {
			isa = XCBuildConfiguration;
			buildSettings = {
				DEBUG_INFORMATION_FORMAT = "dwarf-with-dsym";
				GCC_ENABLE_OBJC_EXCEPTIONS = YES;
				GCC_WARN_64_TO_32_BIT_CONVERSION = YES;
				MACOSX_DEPLOYMENT_TARGET = 10.8;
				OTHER_CFLAGS = "";
				OTHER_LDFLAGS = "";
				PRODUCT_NAME = "$(TARGET_NAME)";
				SDKROOT = macosx;
			};
			name = Release;
		};
/* End XCBuildConfiguration section */

/* Begin XCConfigurationList section */
		A822633916C45BC4007C81BC /* Build configuration list for PBXProject "Mocktail" */ = {
			isa = XCConfigurationList;
			buildConfigurations = (
				A822634A16C45BC4007C81BC /* Debug */,
				A822634B16C45BC4007C81BC /* Release */,
			);
			defaultConfigurationIsVisible = 0;
			defaultConfigurationName = Release;
		};
		A822634C16C45BC4007C81BC /* Build configuration list for PBXNativeTarget "Mocktail" */ = {
			isa = XCConfigurationList;
			buildConfigurations = (
				A822634D16C45BC4007C81BC /* Debug */,
				A822634E16C45BC4007C81BC /* Release */,
			);
			defaultConfigurationIsVisible = 0;
			defaultConfigurationName = Release;
		};
		A87D2F2516F3C51000B594D6 /* Build configuration list for PBXLegacyTarget "Mocktail Documentation" */ = {
			isa = XCConfigurationList;
			buildConfigurations = (
				A87D2F2616F3C51000B594D6 /* Debug */,
				A87D2F2716F3C51000B594D6 /* Release */,
			);
			defaultConfigurationIsVisible = 0;
			defaultConfigurationName = Release;
		};
/* End XCConfigurationList section */
	};
	rootObject = A822633616C45BC4007C81BC /* Project object */;
}
